
Microsoft Visual Studio Solution File, Format Version 12.00
# Visual Studio Version 16
VisualStudioVersion = 16.0.30717.126
MinimumVisualStudioVersion = 10.0.40219.1
Project("{FAE04EC0-301F-11D3-BF4B-00C04F79EFBC}") = "ScreenshotsForCasinos", "ScreenshotsForCasinos\ScreenshotsForCasinos.csproj", "{18E0388F-CDE4-4CF3-9A04-21B948FEDA1C}"
EndProject
Project("{9A19103F-16F7-4668-BE54-9A1E7A4F7556}") = "ScreenshotsForGames", "..\MySiteParser\MySiteParser\ScreenshotsForGames\ScreenshotsForGames.csproj", "{566003EC-4D33-4F94-8293-3D6D614ECD46}"
EndProject
Project("{9A19103F-16F7-4668-BE54-9A1E7A4F7556}") = "MySiteParser", "..\MySiteParser\MySiteParser\MySiteParser\MySiteParser.csproj", "{3C808513-5B37-4210-A24B-31EDE41D9A96}"
EndProject
Global
	GlobalSection(SolutionConfigurationPlatforms) = preSolution
		Debug|Any CPU = Debug|Any CPU
		Release|Any CPU = Release|Any CPU
	EndGlobalSection
	GlobalSection(ProjectConfigurationPlatforms) = postSolution
		{18E0388F-CDE4-4CF3-9A04-21B948FEDA1C}.Debug|Any CPU.ActiveCfg = Debug|Any CPU
		{18E0388F-CDE4-4CF3-9A04-21B948FEDA1C}.Debug|Any CPU.Build.0 = Debug|Any CPU
		{18E0388F-CDE4-4CF3-9A04-21B948FEDA1C}.Release|Any CPU.ActiveCfg = Release|Any CPU
		{18E0388F-CDE4-4CF3-9A04-21B948FEDA1C}.Release|Any CPU.Build.0 = Release|Any CPU
		{566003EC-4D33-4F94-8293-3D6D614ECD46}.Debug|Any CPU.ActiveCfg = Debug|Any CPU
		{566003EC-4D33-4F94-8293-3D6D614ECD46}.Debug|Any CPU.Build.0 = Debug|Any CPU
		{566003EC-4D33-4F94-8293-3D6D614ECD46}.Release|Any CPU.ActiveCfg = Release|Any CPU
		{566003EC-4D33-4F94-8293-3D6D614ECD46}.Release|Any CPU.Build.0 = Release|Any CPU
		{3C808513-5B37-4210-A24B-31EDE41D9A96}.Debug|Any CPU.ActiveCfg = Debug|Any CPU
		{3C808513-5B37-4210-A24B-31EDE41D9A96}.Debug|Any CPU.Build.0 = Debug|Any CPU
		{3C808513-5B37-4210-A24B-31EDE41D9A96}.Release|Any CPU.ActiveCfg = Release|Any CPU
		{3C808513-5B37-4210-A24B-31EDE41D9A96}.Release|Any CPU.Build.0 = Release|Any CPU
	EndGlobalSection
	GlobalSection(SolutionProperties) = preSolution
		HideSolutionNode = FALSE
	EndGlobalSection
	GlobalSection(ExtensibilityGlobals) = postSolution
		SolutionGuid = {3D95721A-CB89-4F36-AED7-019AA4FEF1E8}
	EndGlobalSection
EndGlobal
